// !$*UTF8*$!
{
	archiveVersion = 1;
	classes = {
	};
	objectVersion = 77;
	objects = {

/* Begin PBXBuildFile section */
		BC0000010000000000000001 /* Boxing_CompanionApp.swift in Sources */ = {isa = PBXBuildFile; fileRef = BC0000010000000000000101 /* Boxing_CompanionApp.swift */; };
		BC0000010000000000000002 /* ContentView.swift in Sources */ = {isa = PBXBuildFile; fileRef = BC0000010000000000000102 /* ContentView.swift */; };
		BC0000010000000000000003 /* ActionManAnimation.swift in Sources */ = {isa = PBXBuildFile; fileRef = BC0000010000000000000103 /* ActionManAnimation.swift */; };
		BC0000010000000000000004 /* ActionManAnimationLibrary.swift in Sources */ = {isa = PBXBuildFile; fileRef = BC0000010000000000000104 /* ActionManAnimationLibrary.swift */; };
		BC0000010000000000000005 /* ActionManAnimationMapper.swift in Sources */ = {isa = PBXBuildFile; fileRef = BC0000010000000000000105 /* ActionManAnimationMapper.swift */; };
		BC0000010000000000000006 /* ActionManPose.swift in Sources */ = {isa = PBXBuildFile; fileRef = BC0000010000000000000106 /* ActionManPose.swift */; };
		BC0000010000000000000007 /* ActionManRenderer.swift in Sources */ = {isa = PBXBuildFile; fileRef = BC0000010000000000000107 /* ActionManRenderer.swift */; };
		BC0000010000000000000008 /* ActionManView.swift in Sources */ = {isa = PBXBuildFile; fileRef = BC0000010000000000000108 /* ActionManView.swift */; };
		BC0000010000000000000009 /* RoundTimerEngine.swift in Sources */ = {isa = PBXBuildFile; fileRef = BC0000010000000000000109 /* RoundTimerEngine.swift */; };
		BC000001000000000000000A /* RoundTimerView.swift in Sources */ = {isa = PBXBuildFile; fileRef = BC000001000000000000010A /* RoundTimerView.swift */; };
		BC000001000000000000000B /* WorkoutSessionEngine.swift in Sources */ = {isa = PBXBuildFile; fileRef = BC000001000000000000010B /* WorkoutSessionEngine.swift */; };
		BC000001000000000000000C /* WorkoutSessionSupabaseClient.swift in Sources */ = {isa = PBXBuildFile; fileRef = BC000001000000000000010C /* WorkoutSessionSupabaseClient.swift */; };
		BC000001000000000000000D /* WorkoutSessionView.swift in Sources */ = {isa = PBXBuildFile; fileRef = BC000001000000000000010D /* WorkoutSessionView.swift */; };
		BC0000010000000000000016 /* WorkoutRunnerViews.swift in Sources */ = {isa = PBXBuildFile; fileRef = BC0000010000000000000116 /* WorkoutRunnerViews.swift */; };
		BC000001000000000000000E /* Assets.xcassets in Resources */ = {isa = PBXBuildFile; fileRef = BC000001000000000000010E /* Assets.xcassets */; };
		BC000001000000000000000F /* AppConfig.swift in Sources */ = {isa = PBXBuildFile; fileRef = BC000001000000000000010F /* AppConfig.swift */; };
		BC0000010000000000000010 /* WorkoutLibrarySupabaseClient.swift in Sources */ = {isa = PBXBuildFile; fileRef = BC0000010000000000000110 /* WorkoutLibrarySupabaseClient.swift */; };
		BC0000010000000000000011 /* WorkoutLibraryView.swift in Sources */ = {isa = PBXBuildFile; fileRef = BC0000010000000000000111 /* WorkoutLibraryView.swift */; };
		BC0000010000000000000012 /* WorkoutTemplateSummary.swift in Sources */ = {isa = PBXBuildFile; fileRef = BC0000010000000000000112 /* WorkoutTemplateSummary.swift */; };
		BC0000010000000000000013 /* Supabase.local.env in Resources */ = {isa = PBXBuildFile; fileRef = BC0000010000000000000113 /* Supabase.local.env */; };
		BC0000010000000000000014 /* AppScreenHeader.swift in Sources */ = {isa = PBXBuildFile; fileRef = BC0000010000000000000114 /* AppScreenHeader.swift */; };
		BC0000010000000000000015 /* AppTheme.swift in Sources */ = {isa = PBXBuildFile; fileRef = BC0000010000000000000115 /* AppTheme.swift */; };
/* End PBXBuildFile section */

/* Begin PBXContainerItemProxy section */
		98333D5A2FA1CD9300AB95C8 /* PBXContainerItemProxy */ = {
			isa = PBXContainerItemProxy;
			containerPortal = 98333D422FA1CD8F00AB95C8 /* Project object */;
			proxyType = 1;
			remoteGlobalIDString = 98333D492FA1CD8F00AB95C8;
			remoteInfo = "Boxing Companion";
		};
		98333D642FA1CD9300AB95C8 /* PBXContainerItemProxy */ = {
			isa = PBXContainerItemProxy;
			containerPortal = 98333D422FA1CD8F00AB95C8 /* Project object */;
			proxyType = 1;
			remoteGlobalIDString = 98333D492FA1CD8F00AB95C8;
			remoteInfo = "Boxing Companion";
		};
/* End PBXContainerItemProxy section */

/* Begin PBXFileReference section */
		BC0000010000000000000101 /* Boxing_CompanionApp.swift */ = {isa = PBXFileReference; lastKnownFileType = sourcecode.swift; path = Boxing_CompanionApp.swift; sourceTree = "<group>"; };
		BC0000010000000000000102 /* ContentView.swift */ = {isa = PBXFileReference; lastKnownFileType = sourcecode.swift; path = ContentView.swift; sourceTree = "<group>"; };
		BC0000010000000000000103 /* ActionManAnimation.swift */ = {isa = PBXFileReference; lastKnownFileType = sourcecode.swift; path = ActionManAnimation.swift; sourceTree = "<group>"; };
		BC0000010000000000000104 /* ActionManAnimationLibrary.swift */ = {isa = PBXFileReference; lastKnownFileType = sourcecode.swift; path = ActionManAnimationLibrary.swift; sourceTree = "<group>"; };
		BC0000010000000000000105 /* ActionManAnimationMapper.swift */ = {isa = PBXFileReference; lastKnownFileType = sourcecode.swift; path = ActionManAnimationMapper.swift; sourceTree = "<group>"; };
		BC0000010000000000000106 /* ActionManPose.swift */ = {isa = PBXFileReference; lastKnownFileType = sourcecode.swift; path = ActionManPose.swift; sourceTree = "<group>"; };
		BC0000010000000000000107 /* ActionManRenderer.swift */ = {isa = PBXFileReference; lastKnownFileType = sourcecode.swift; path = ActionManRenderer.swift; sourceTree = "<group>"; };
		BC0000010000000000000108 /* ActionManView.swift */ = {isa = PBXFileReference; lastKnownFileType = sourcecode.swift; path = ActionManView.swift; sourceTree = "<group>"; };
		BC0000010000000000000109 /* RoundTimerEngine.swift */ = {isa = PBXFileReference; lastKnownFileType = sourcecode.swift; path = RoundTimerEngine.swift; sourceTree = "<group>"; };
		BC000001000000000000010A /* RoundTimerView.swift */ = {isa = PBXFileReference; lastKnownFileType = sourcecode.swift; path = RoundTimerView.swift; sourceTree = "<group>"; };
		BC000001000000000000010B /* WorkoutSessionEngine.swift */ = {isa = PBXFileReference; lastKnownFileType = sourcecode.swift; path = WorkoutSessionEngine.swift; sourceTree = "<group>"; };
		BC000001000000000000010C /* WorkoutSessionSupabaseClient.swift */ = {isa = PBXFileReference; lastKnownFileType = sourcecode.swift; path = WorkoutSessionSupabaseClient.swift; sourceTree = "<group>"; };
		BC000001000000000000010D /* WorkoutSessionView.swift */ = {isa = PBXFileReference; lastKnownFileType = sourcecode.swift; path = WorkoutSessionView.swift; sourceTree = "<group>"; };
		BC0000010000000000000116 /* WorkoutRunnerViews.swift */ = {isa = PBXFileReference; lastKnownFileType = sourcecode.swift; path = WorkoutRunnerViews.swift; sourceTree = "<group>"; };
		BC000001000000000000010E /* Assets.xcassets */ = {isa = PBXFileReference; lastKnownFileType = folder.assetcatalog; path = Assets.xcassets; sourceTree = "<group>"; };
		BC000001000000000000010F /* AppConfig.swift */ = {isa = PBXFileReference; lastKnownFileType = sourcecode.swift; path = AppConfig.swift; sourceTree = "<group>"; };
		BC0000010000000000000110 /* WorkoutLibrarySupabaseClient.swift */ = {isa = PBXFileReference; lastKnownFileType = sourcecode.swift; path = WorkoutLibrarySupabaseClient.swift; sourceTree = "<group>"; };
		BC0000010000000000000111 /* WorkoutLibraryView.swift */ = {isa = PBXFileReference; lastKnownFileType = sourcecode.swift; path = WorkoutLibraryView.swift; sourceTree = "<group>"; };
		BC0000010000000000000112 /* WorkoutTemplateSummary.swift */ = {isa = PBXFileReference; lastKnownFileType = sourcecode.swift; path = WorkoutTemplateSummary.swift; sourceTree = "<group>"; };
		BC0000010000000000000113 /* Supabase.local.env */ = {isa = PBXFileReference; lastKnownFileType = text; path = Supabase.local.env; sourceTree = "<group>"; };
		BC0000010000000000000114 /* AppScreenHeader.swift */ = {isa = PBXFileReference; lastKnownFileType = sourcecode.swift; path = AppScreenHeader.swift; sourceTree = "<group>"; };
		BC0000010000000000000115 /* AppTheme.swift */ = {isa = PBXFileReference; lastKnownFileType = sourcecode.swift; path = AppTheme.swift; sourceTree = "<group>"; };
		98333D4A2FA1CD8F00AB95C8 /* Boxing Companion.app */ = {isa = PBXFileReference; explicitFileType = wrapper.application; includeInIndex = 0; path = "Boxing Companion.app"; sourceTree = BUILT_PRODUCTS_DIR; };
		98333D592FA1CD9300AB95C8 /* Boxing CompanionTests.xctest */ = {isa = PBXFileReference; explicitFileType = wrapper.cfbundle; includeInIndex = 0; path = "Boxing CompanionTests.xctest"; sourceTree = BUILT_PRODUCTS_DIR; };
		98333D632FA1CD9300AB95C8 /* Boxing CompanionUITests.xctest */ = {isa = PBXFileReference; explicitFileType = wrapper.cfbundle; includeInIndex = 0; path = "Boxing CompanionUITests.xctest"; sourceTree = BUILT_PRODUCTS_DIR; };
/* End PBXFileReference section */

/* Begin PBXFileSystemSynchronizedRootGroup section */
		98333D5C2FA1CD9300AB95C8 /* Boxing CompanionTests */ = {
			isa = PBXFileSystemSynchronizedRootGroup;
			path = "Boxing CompanionTests";
			sourceTree = "<group>";
		};
		98333D662FA1CD9300AB95C8 /* Boxing CompanionUITests */ = {
			isa = PBXFileSystemSynchronizedRootGroup;
			path = "Boxing CompanionUITests";
			sourceTree = "<group>";
		};
/* End PBXFileSystemSynchronizedRootGroup section */

/* Begin PBXFrameworksBuildPhase section */
		98333D472FA1CD8F00AB95C8 /* Frameworks */ = {
			isa = PBXFrameworksBuildPhase;
			buildActionMask = 2147483647;
			files = (
			);
			runOnlyForDeploymentPostprocessing = 0;
		};
		98333D562FA1CD9300AB95C8 /* Frameworks */ = {
			isa = PBXFrameworksBuildPhase;
			buildActionMask = 2147483647;
			files = (
			);
			runOnlyForDeploymentPostprocessing = 0;
		};
		98333D602FA1CD9300AB95C8 /* Frameworks */ = {
			isa = PBXFrameworksBuildPhase;
			buildActionMask = 2147483647;
			files = (
			);
			runOnlyForDeploymentPostprocessing = 0;
		};
/* End PBXFrameworksBuildPhase section */

/* Begin PBXGroup section */
		98333D4C2FA1CD8F00AB95C8 /* Boxing Companion */ = {
			isa = PBXGroup;
			children = (
				BC000001000000000000010E /* Assets.xcassets */,
				BC0000010000000000000101 /* Boxing_CompanionApp.swift */,
				BC0000010000000000000102 /* ContentView.swift */,
				BC0000010000000000000204 /* App */,
				BC0000010000000000000201 /* ActionMan */,
				BC0000010000000000000202 /* RoundTimer */,
				BC0000010000000000000203 /* WorkoutSession */,
				BC0000010000000000000205 /* Workouts */,
				BC0000010000000000000206 /* DesignSystem */,
				BC0000010000000000000113 /* Supabase.local.env */,
			);
			path = "Boxing Companion";
			sourceTree = "<group>";
		};
		BC0000010000000000000204 /* App */ = {
			isa = PBXGroup;
			children = (
				BC000001000000000000010F /* AppConfig.swift */,
			);
			path = App;
			sourceTree = "<group>";
		};
		BC0000010000000000000205 /* Workouts */ = {
			isa = PBXGroup;
			children = (
				BC0000010000000000000110 /* WorkoutLibrarySupabaseClient.swift */,
				BC0000010000000000000111 /* WorkoutLibraryView.swift */,
				BC0000010000000000000112 /* WorkoutTemplateSummary.swift */,
			);
			path = Workouts;
			sourceTree = "<group>";
		};
		BC0000010000000000000206 /* DesignSystem */ = {
			isa = PBXGroup;
			children = (
				BC0000010000000000000114 /* AppScreenHeader.swift */,
				BC0000010000000000000115 /* AppTheme.swift */,
			);
			path = DesignSystem;
			sourceTree = "<group>";
		};
		BC0000010000000000000201 /* ActionMan */ = {
			isa = PBXGroup;
			children = (
				BC0000010000000000000103 /* ActionManAnimation.swift */,
				BC0000010000000000000104 /* ActionManAnimationLibrary.swift */,
				BC0000010000000000000105 /* ActionManAnimationMapper.swift */,
				BC0000010000000000000106 /* ActionManPose.swift */,
				BC0000010000000000000107 /* ActionManRenderer.swift */,
				BC0000010000000000000108 /* ActionManView.swift */,
			);
			path = ActionMan;
			sourceTree = "<group>";
		};
		BC0000010000000000000202 /* RoundTimer */ = {
			isa = PBXGroup;
			children = (
				BC0000010000000000000109 /* RoundTimerEngine.swift */,
				BC000001000000000000010A /* RoundTimerView.swift */,
			);
			path = RoundTimer;
			sourceTree = "<group>";
		};
		BC0000010000000000000203 /* WorkoutSession */ = {
			isa = PBXGroup;
			children = (
				BC000001000000000000010B /* WorkoutSessionEngine.swift */,
				BC000001000000000000010C /* WorkoutSessionSupabaseClient.swift */,
				BC000001000000000000010D /* WorkoutSessionView.swift */,
				BC0000010000000000000116 /* WorkoutRunnerViews.swift */,
			);
			path = WorkoutSession;
			sourceTree = "<group>";
		};
		98333D412FA1CD8F00AB95C8 = {
			isa = PBXGroup;
			children = (
				98333D4C2FA1CD8F00AB95C8 /* Boxing Companion */,
				98333D5C2FA1CD9300AB95C8 /* Boxing CompanionTests */,
				98333D662FA1CD9300AB95C8 /* Boxing CompanionUITests */,
				98333D4B2FA1CD8F00AB95C8 /* Products */,
			);
			sourceTree = "<group>";
		};
		98333D4B2FA1CD8F00AB95C8 /* Products */ = {
			isa = PBXGroup;
			children = (
				98333D4A2FA1CD8F00AB95C8 /* Boxing Companion.app */,
				98333D592FA1CD9300AB95C8 /* Boxing CompanionTests.xctest */,
				98333D632FA1CD9300AB95C8 /* Boxing CompanionUITests.xctest */,
			);
			name = Products;
			sourceTree = "<group>";
		};
/* End PBXGroup section */

/* Begin PBXNativeTarget section */
		98333D492FA1CD8F00AB95C8 /* Boxing Companion */ = {
			isa = PBXNativeTarget;
			buildConfigurationList = 98333D6D2FA1CD9300AB95C8 /* Build configuration list for PBXNativeTarget "Boxing Companion" */;
			buildPhases = (
				98333D462FA1CD8F00AB95C8 /* Sources */,
				98333D472FA1CD8F00AB95C8 /* Frameworks */,
				98333D482FA1CD8F00AB95C8 /* Resources */,
			);
			buildRules = (
			);
			dependencies = (
			);
			fileSystemSynchronizedGroups = (
			);
			name = "Boxing Companion";
			packageProductDependencies = (
			);
			productName = "Boxing Companion";
			productReference = 98333D4A2FA1CD8F00AB95C8 /* Boxing Companion.app */;
			productType = "com.apple.product-type.application";
		};
		98333D582FA1CD9300AB95C8 /* Boxing CompanionTests */ = {
			isa = PBXNativeTarget;
			buildConfigurationList = 98333D702FA1CD9300AB95C8 /* Build configuration list for PBXNativeTarget "Boxing CompanionTests" */;
			buildPhases = (
				98333D552FA1CD9300AB95C8 /* Sources */,
				98333D562FA1CD9300AB95C8 /* Frameworks */,
				98333D572FA1CD9300AB95C8 /* Resources */,
			);
			buildRules = (
			);
			dependencies = (
				98333D5B2FA1CD9300AB95C8 /* PBXTargetDependency */,
			);
			fileSystemSynchronizedGroups = (
				98333D5C2FA1CD9300AB95C8 /* Boxing CompanionTests */,
			);
			name = "Boxing CompanionTests";
			packageProductDependencies = (
			);
			productName = "Boxing CompanionTests";
			productReference = 98333D592FA1CD9300AB95C8 /* Boxing CompanionTests.xctest */;
			productType = "com.apple.product-type.bundle.unit-test";
		};
		98333D622FA1CD9300AB95C8 /* Boxing CompanionUITests */ = {
			isa = PBXNativeTarget;
			buildConfigurationList = 98333D732FA1CD9300AB95C8 /* Build configuration list for PBXNativeTarget "Boxing CompanionUITests" */;
			buildPhases = (
				98333D5F2FA1CD9300AB95C8 /* Sources */,
				98333D602FA1CD9300AB95C8 /* Frameworks */,
				98333D612FA1CD9300AB95C8 /* Resources */,
			);
			buildRules = (
			);
			dependencies = (
				98333D652FA1CD9300AB95C8 /* PBXTargetDependency */,
			);
			fileSystemSynchronizedGroups = (
				98333D662FA1CD9300AB95C8 /* Boxing CompanionUITests */,
			);
			name = "Boxing CompanionUITests";
			packageProductDependencies = (
			);
			productName = "Boxing CompanionUITests";
			productReference = 98333D632FA1CD9300AB95C8 /* Boxing CompanionUITests.xctest */;
			productType = "com.apple.product-type.bundle.ui-testing";
		};
/* End PBXNativeTarget section */

/* Begin PBXProject section */
		98333D422FA1CD8F00AB95C8 /* Project object */ = {
			isa = PBXProject;
			attributes = {
				BuildIndependentTargetsInParallel = 1;
				LastSwiftUpdateCheck = 2640;
				LastUpgradeCheck = 2640;
				TargetAttributes = {
					98333D492FA1CD8F00AB95C8 = {
						CreatedOnToolsVersion = 26.4.1;
					};
					98333D582FA1CD9300AB95C8 = {
						CreatedOnToolsVersion = 26.4.1;
						TestTargetID = 98333D492FA1CD8F00AB95C8;
					};
					98333D622FA1CD9300AB95C8 = {
						CreatedOnToolsVersion = 26.4.1;
						TestTargetID = 98333D492FA1CD8F00AB95C8;
					};
				};
			};
			buildConfigurationList = 98333D452FA1CD8F00AB95C8 /* Build configuration list for PBXProject "Boxing Companion" */;
			developmentRegion = en;
			hasScannedForEncodings = 0;
			knownRegions = (
				en,
				Base,
			);
			mainGroup = 98333D412FA1CD8F00AB95C8;
			minimizedProjectReferenceProxies = 1;
			preferredProjectObjectVersion = 77;
			productRefGroup = 98333D4B2FA1CD8F00AB95C8 /* Products */;
			projectDirPath = "";
			projectRoot = "";
			targets = (
				98333D492FA1CD8F00AB95C8 /* Boxing Companion */,
				98333D582FA1CD9300AB95C8 /* Boxing CompanionTests */,
				98333D622FA1CD9300AB95C8 /* Boxing CompanionUITests */,
			);
		};
/* End PBXProject section */

/* Begin PBXResourcesBuildPhase section */
		98333D482FA1CD8F00AB95C8 /* Resources */ = {
			isa = PBXResourcesBuildPhase;
			buildActionMask = 2147483647;
			files = (
				BC000001000000000000000E /* Assets.xcassets in Resources */,
				BC0000010000000000000013 /* Supabase.local.env in Resources */,
			);
			runOnlyForDeploymentPostprocessing = 0;
		};
		98333D572FA1CD9300AB95C8 /* Resources */ = {
			isa = PBXResourcesBuildPhase;
			buildActionMask = 2147483647;
			files = (
			);
			runOnlyForDeploymentPostprocessing = 0;
		};
		98333D612FA1CD9300AB95C8 /* Resources */ = {
			isa = PBXResourcesBuildPhase;
			buildActionMask = 2147483647;
			files = (
			);
			runOnlyForDeploymentPostprocessing = 0;
		};
/* End PBXResourcesBuildPhase section */

/* Begin PBXSourcesBuildPhase section */
		98333D462FA1CD8F00AB95C8 /* Sources */ = {
			isa = PBXSourcesBuildPhase;
			buildActionMask = 2147483647;
			files = (
				BC0000010000000000000003 /* ActionManAnimation.swift in Sources */,
				BC0000010000000000000004 /* ActionManAnimationLibrary.swift in Sources */,
				BC0000010000000000000005 /* ActionManAnimationMapper.swift in Sources */,
				BC0000010000000000000006 /* ActionManPose.swift in Sources */,
				BC0000010000000000000007 /* ActionManRenderer.swift in Sources */,
				BC0000010000000000000008 /* ActionManView.swift in Sources */,
				BC000001000000000000000F /* AppConfig.swift in Sources */,
				BC0000010000000000000014 /* AppScreenHeader.swift in Sources */,
				BC0000010000000000000015 /* AppTheme.swift in Sources */,
				BC0000010000000000000001 /* Boxing_CompanionApp.swift in Sources */,
				BC0000010000000000000002 /* ContentView.swift in Sources */,
				BC0000010000000000000009 /* RoundTimerEngine.swift in Sources */,
				BC000001000000000000000A /* RoundTimerView.swift in Sources */,
				BC0000010000000000000010 /* WorkoutLibrarySupabaseClient.swift in Sources */,
				BC0000010000000000000011 /* WorkoutLibraryView.swift in Sources */,
				BC0000010000000000000012 /* WorkoutTemplateSummary.swift in Sources */,
				BC000001000000000000000B /* WorkoutSessionEngine.swift in Sources */,
				BC000001000000000000000C /* WorkoutSessionSupabaseClient.swift in Sources */,
				BC000001000000000000000D /* WorkoutSessionView.swift in Sources */,
				BC0000010000000000000016 /* WorkoutRunnerViews.swift in Sources */,
			);
			runOnlyForDeploymentPostprocessing = 0;
		};
		98333D552FA1CD9300AB95C8 /* Sources */ = {
			isa = PBXSourcesBuildPhase;
			buildActionMask = 2147483647;
			files = (
			);
			runOnlyForDeploymentPostprocessing = 0;
		};
		98333D5F2FA1CD9300AB95C8 /* Sources */ = {
			isa = PBXSourcesBuildPhase;
			buildActionMask = 2147483647;
			files = (
			);
			runOnlyForDeploymentPostprocessing = 0;
		};
/* End PBXSourcesBuildPhase section */

/* Begin PBXTargetDependency section */
		98333D5B2FA1CD9300AB95C8 /* PBXTargetDependency */ = {
			isa = PBXTargetDependency;
			target = 98333D492FA1CD8F00AB95C8 /* Boxing Companion */;
			targetProxy = 98333D5A2FA1CD9300AB95C8 /* PBXContainerItemProxy */;
		};
		98333D652FA1CD9300AB95C8 /* PBXTargetDependency */ = {
			isa = PBXTargetDependency;
			target = 98333D492FA1CD8F00AB95C8 /* Boxing Companion */;
			targetProxy = 98333D642FA1CD9300AB95C8 /* PBXContainerItemProxy */;
		};
/* End PBXTargetDependency section */

/* Begin XCBuildConfiguration section */
		98333D6B2FA1CD9300AB95C8 /* Debug */ = {
			isa = XCBuildConfiguration;
			buildSettings = {
				ALWAYS_SEARCH_USER_PATHS = NO;
				ASSETCATALOG_COMPILER_GENERATE_SWIFT_ASSET_SYMBOL_EXTENSIONS = YES;
				CLANG_ANALYZER_NONNULL = YES;
				CLANG_ANALYZER_NUMBER_OBJECT_CONVERSION = YES_AGGRESSIVE;
				CLANG_CXX_LANGUAGE_STANDARD = "gnu++20";
				CLANG_ENABLE_MODULES = YES;
				CLANG_ENABLE_OBJC_ARC = YES;
				CLANG_ENABLE_OBJC_WEAK = YES;
				CLANG_WARN_BLOCK_CAPTURE_AUTORELEASING = YES;
				CLANG_WARN_BOOL_CONVERSION = YES;
				CLANG_WARN_COMMA = YES;
				CLANG_WARN_CONSTANT_CONVERSION = YES;
				CLANG_WARN_DEPRECATED_OBJC_IMPLEMENTATIONS = YES;
				CLANG_WARN_DIRECT_OBJC_ISA_USAGE = YES_ERROR;
				CLANG_WARN_DOCUMENTATION_COMMENTS = YES;
				CLANG_WARN_EMPTY_BODY = YES;
				CLANG_WARN_ENUM_CONVERSION = YES;
				CLANG_WARN_INFINITE_RECURSION = YES;
				CLANG_WARN_INT_CONVERSION = YES;
				CLANG_WARN_NON_LITERAL_NULL_CONVERSION = YES;
				CLANG_WARN_OBJC_IMPLICIT_RETAIN_SELF = YES;
				CLANG_WARN_OBJC_LITERAL_CONVERSION = YES;
				CLANG_WARN_OBJC_ROOT_CLASS = YES_ERROR;
				CLANG_WARN_QUOTED_INCLUDE_IN_FRAMEWORK_HEADER = YES;
				CLANG_WARN_RANGE_LOOP_ANALYSIS = YES;
				CLANG_WARN_STRICT_PROTOTYPES = YES;
				CLANG_WARN_SUSPICIOUS_MOVE = YES;
				CLANG_WARN_UNGUARDED_AVAILABILITY = YES_AGGRESSIVE;
				CLANG_WARN_UNREACHABLE_CODE = YES;
				CLANG_WARN__DUPLICATE_METHOD_MATCH = YES;
				COPY_PHASE_STRIP = NO;
				DEBUG_INFORMATION_FORMAT = dwarf;
				ENABLE_STRICT_OBJC_MSGSEND = YES;
				ENABLE_TESTABILITY = YES;
				ENABLE_USER_SCRIPT_SANDBOXING = YES;
				GCC_C_LANGUAGE_STANDARD = gnu17;
				GCC_DYNAMIC_NO_PIC = NO;
				GCC_NO_COMMON_BLOCKS = YES;
				GCC_OPTIMIZATION_LEVEL = 0;
				GCC_PREPROCESSOR_DEFINITIONS = (
					"DEBUG=1",
					"$(inherited)",
				);
				GCC_WARN_64_TO_32_BIT_CONVERSION = YES;
				GCC_WARN_ABOUT_RETURN_TYPE = YES_ERROR;
				GCC_WARN_UNDECLARED_SELECTOR = YES;
				GCC_WARN_UNINITIALIZED_AUTOS = YES_AGGRESSIVE;
				GCC_WARN_UNUSED_FUNCTION = YES;
				GCC_WARN_UNUSED_VARIABLE = YES;
				LOCALIZATION_PREFERS_STRING_CATALOGS = YES;
				MTL_ENABLE_DEBUG_INFO = INCLUDE_SOURCE;
				MTL_FAST_MATH = YES;
				ONLY_ACTIVE_ARCH = YES;
				SWIFT_ACTIVE_COMPILATION_CONDITIONS = "DEBUG $(inherited)";
				SWIFT_OPTIMIZATION_LEVEL = "-Onone";
			};
			name = Debug;
		};
		98333D6C2FA1CD9300AB95C8 /* Release */ = {
			isa = XCBuildConfiguration;
			buildSettings = {
				ALWAYS_SEARCH_USER_PATHS = NO;
				ASSETCATALOG_COMPILER_GENERATE_SWIFT_ASSET_SYMBOL_EXTENSIONS = YES;
				CLANG_ANALYZER_NONNULL = YES;
				CLANG_ANALYZER_NUMBER_OBJECT_CONVERSION = YES_AGGRESSIVE;
				CLANG_CXX_LANGUAGE_STANDARD = "gnu++20";
				CLANG_ENABLE_MODULES = YES;
				CLANG_ENABLE_OBJC_ARC = YES;
				CLANG_ENABLE_OBJC_WEAK = YES;
				CLANG_WARN_BLOCK_CAPTURE_AUTORELEASING = YES;
				CLANG_WARN_BOOL_CONVERSION = YES;
				CLANG_WARN_COMMA = YES;
				CLANG_WARN_CONSTANT_CONVERSION = YES;
				CLANG_WARN_DEPRECATED_OBJC_IMPLEMENTATIONS = YES;
				CLANG_WARN_DIRECT_OBJC_ISA_USAGE = YES_ERROR;
				CLANG_WARN_DOCUMENTATION_COMMENTS = YES;
				CLANG_WARN_EMPTY_BODY = YES;
				CLANG_WARN_ENUM_CONVERSION = YES;
				CLANG_WARN_INFINITE_RECURSION = YES;
				CLANG_WARN_INT_CONVERSION = YES;
				CLANG_WARN_NON_LITERAL_NULL_CONVERSION = YES;
				CLANG_WARN_OBJC_IMPLICIT_RETAIN_SELF = YES;
				CLANG_WARN_OBJC_LITERAL_CONVERSION = YES;
				CLANG_WARN_OBJC_ROOT_CLASS = YES_ERROR;
				CLANG_WARN_QUOTED_INCLUDE_IN_FRAMEWORK_HEADER = YES;
				CLANG_WARN_RANGE_LOOP_ANALYSIS = YES;
				CLANG_WARN_STRICT_PROTOTYPES = YES;
				CLANG_WARN_SUSPICIOUS_MOVE = YES;
				CLANG_WARN_UNGUARDED_AVAILABILITY = YES_AGGRESSIVE;
				CLANG_WARN_UNREACHABLE_CODE = YES;
				CLANG_WARN__DUPLICATE_METHOD_MATCH = YES;
				COPY_PHASE_STRIP = NO;
				DEBUG_INFORMATION_FORMAT = "dwarf-with-dsym";
				ENABLE_NS_ASSERTIONS = NO;
				ENABLE_STRICT_OBJC_MSGSEND = YES;
				ENABLE_USER_SCRIPT_SANDBOXING = YES;
				GCC_C_LANGUAGE_STANDARD = gnu17;
				GCC_NO_COMMON_BLOCKS = YES;
				GCC_WARN_64_TO_32_BIT_CONVERSION = YES;
				GCC_WARN_ABOUT_RETURN_TYPE = YES_ERROR;
				GCC_WARN_UNDECLARED_SELECTOR = YES;
				GCC_WARN_UNINITIALIZED_AUTOS = YES_AGGRESSIVE;
				GCC_WARN_UNUSED_FUNCTION = YES;
				GCC_WARN_UNUSED_VARIABLE = YES;
				LOCALIZATION_PREFERS_STRING_CATALOGS = YES;
				MTL_ENABLE_DEBUG_INFO = NO;
				MTL_FAST_MATH = YES;
				SWIFT_COMPILATION_MODE = wholemodule;
			};
			name = Release;
		};
		98333D6E2FA1CD9300AB95C8 /* Debug */ = {
			isa = XCBuildConfiguration;
			buildSettings = {
				ASSETCATALOG_COMPILER_APPICON_NAME = AppIcon;
				ASSETCATALOG_COMPILER_GLOBAL_ACCENT_COLOR_NAME = AccentColor;
				CODE_SIGN_STYLE = Automatic;
				CURRENT_PROJECT_VERSION = 1;
				ENABLE_APP_SANDBOX = YES;
				ENABLE_PREVIEWS = YES;
				ENABLE_USER_SELECTED_FILES = readonly;
				GENERATE_INFOPLIST_FILE = YES;
				"INFOPLIST_KEY_UIApplicationSceneManifest_Generation[sdk=iphoneos*]" = YES;
				"INFOPLIST_KEY_UIApplicationSceneManifest_Generation[sdk=iphonesimulator*]" = YES;
				"INFOPLIST_KEY_UIApplicationSupportsIndirectInputEvents[sdk=iphoneos*]" = YES;
				"INFOPLIST_KEY_UIApplicationSupportsIndirectInputEvents[sdk=iphonesimulator*]" = YES;
				"INFOPLIST_KEY_UILaunchScreen_Generation[sdk=iphoneos*]" = YES;
				"INFOPLIST_KEY_UILaunchScreen_Generation[sdk=iphonesimulator*]" = YES;
				"INFOPLIST_KEY_UIStatusBarStyle[sdk=iphoneos*]" = UIStatusBarStyleDefault;
				"INFOPLIST_KEY_UIStatusBarStyle[sdk=iphonesimulator*]" = UIStatusBarStyleDefault;
				INFOPLIST_KEY_UISupportedInterfaceOrientations_iPad = "UIInterfaceOrientationPortrait UIInterfaceOrientationPortraitUpsideDown UIInterfaceOrientationLandscapeLeft UIInterfaceOrientationLandscapeRight";
				INFOPLIST_KEY_UISupportedInterfaceOrientations_iPhone = "UIInterfaceOrientationPortrait UIInterfaceOrientationLandscapeLeft UIInterfaceOrientationLandscapeRight";
				IPHONEOS_DEPLOYMENT_TARGET = 26.4;
				LD_RUNPATH_SEARCH_PATHS = "@executable_path/Frameworks";
				"LD_RUNPATH_SEARCH_PATHS[sdk=macosx*]" = "@executable_path/../Frameworks";
				MACOSX_DEPLOYMENT_TARGET = 26.3;
				MARKETING_VERSION = 1.0;
				PRODUCT_BUNDLE_IDENTIFIER = "oracle-boxing.Boxing-Companion";
				PRODUCT_NAME = "$(TARGET_NAME)";
				REGISTER_APP_GROUPS = YES;
				SDKROOT = auto;
				STRING_CATALOG_GENERATE_SYMBOLS = YES;
				SUPPORTED_PLATFORMS = "iphoneos iphonesimulator macosx xros xrsimulator";
				SWIFT_APPROACHABLE_CONCURRENCY = YES;
				SWIFT_DEFAULT_ACTOR_ISOLATION = MainActor;
				SWIFT_EMIT_LOC_STRINGS = YES;
				SWIFT_UPCOMING_FEATURE_MEMBER_IMPORT_VISIBILITY = YES;
				SWIFT_VERSION = 5.0;
				TARGETED_DEVICE_FAMILY = "1,2,7";
				XROS_DEPLOYMENT_TARGET = 26.4;
			};
			name = Debug;
		};
		98333D6F2FA1CD9300AB95C8 /* Release */ = {
			isa = XCBuildConfiguration;
			buildSettings = {
				ASSETCATALOG_COMPILER_APPICON_NAME = AppIcon;
				ASSETCATALOG_COMPILER_GLOBAL_ACCENT_COLOR_NAME = AccentColor;
				CODE_SIGN_STYLE = Automatic;
				CURRENT_PROJECT_VERSION = 1;
				ENABLE_APP_SANDBOX = YES;
				ENABLE_PREVIEWS = YES;
				ENABLE_USER_SELECTED_FILES = readonly;
				GENERATE_INFOPLIST_FILE = YES;
				"INFOPLIST_KEY_UIApplicationSceneManifest_Generation[sdk=iphoneos*]" = YES;
				"INFOPLIST_KEY_UIApplicationSceneManifest_Generation[sdk=iphonesimulator*]" = YES;
				"INFOPLIST_KEY_UIApplicationSupportsIndirectInputEvents[sdk=iphoneos*]" = YES;
				"INFOPLIST_KEY_UIApplicationSupportsIndirectInputEvents[sdk=iphonesimulator*]" = YES;
				"INFOPLIST_KEY_UILaunchScreen_Generation[sdk=iphoneos*]" = YES;
				"INFOPLIST_KEY_UILaunchScreen_Generation[sdk=iphonesimulator*]" = YES;
				"INFOPLIST_KEY_UIStatusBarStyle[sdk=iphoneos*]" = UIStatusBarStyleDefault;
				"INFOPLIST_KEY_UIStatusBarStyle[sdk=iphonesimulator*]" = UIStatusBarStyleDefault;
				INFOPLIST_KEY_UISupportedInterfaceOrientations_iPad = "UIInterfaceOrientationPortrait UIInterfaceOrientationPortraitUpsideDown UIInterfaceOrientationLandscapeLeft UIInterfaceOrientationLandscapeRight";
				INFOPLIST_KEY_UISupportedInterfaceOrientations_iPhone = "UIInterfaceOrientationPortrait UIInterfaceOrientationLandscapeLeft UIInterfaceOrientationLandscapeRight";
				IPHONEOS_DEPLOYMENT_TARGET = 26.4;
				LD_RUNPATH_SEARCH_PATHS = "@executable_path/Frameworks";
				"LD_RUNPATH_SEARCH_PATHS[sdk=macosx*]" = "@executable_path/../Frameworks";
				MACOSX_DEPLOYMENT_TARGET = 26.3;
				MARKETING_VERSION = 1.0;
				PRODUCT_BUNDLE_IDENTIFIER = "oracle-boxing.Boxing-Companion";
				PRODUCT_NAME = "$(TARGET_NAME)";
				REGISTER_APP_GROUPS = YES;
				SDKROOT = auto;
				STRING_CATALOG_GENERATE_SYMBOLS = YES;
				SUPPORTED_PLATFORMS = "iphoneos iphonesimulator macosx xros xrsimulator";
				SWIFT_APPROACHABLE_CONCURRENCY = YES;
				SWIFT_DEFAULT_ACTOR_ISOLATION = MainActor;
				SWIFT_EMIT_LOC_STRINGS = YES;
				SWIFT_UPCOMING_FEATURE_MEMBER_IMPORT_VISIBILITY = YES;
				SWIFT_VERSION = 5.0;
				TARGETED_DEVICE_FAMILY = "1,2,7";
				XROS_DEPLOYMENT_TARGET = 26.4;
			};
			name = Release;
		};
		98333D712FA1CD9300AB95C8 /* Debug */ = {
			isa = XCBuildConfiguration;
			buildSettings = {
				BUNDLE_LOADER = "$(TEST_HOST)";
				CODE_SIGN_STYLE = Automatic;
				CURRENT_PROJECT_VERSION = 1;
				GENERATE_INFOPLIST_FILE = YES;
				IPHONEOS_DEPLOYMENT_TARGET = 26.4;
				MACOSX_DEPLOYMENT_TARGET = 26.3;
				MARKETING_VERSION = 1.0;
				PRODUCT_BUNDLE_IDENTIFIER = "oracle-boxing.Boxing-CompanionTests";
				PRODUCT_NAME = "$(TARGET_NAME)";
				SDKROOT = auto;
				STRING_CATALOG_GENERATE_SYMBOLS = NO;
				SUPPORTED_PLATFORMS = "iphoneos iphonesimulator macosx xros xrsimulator";
				SWIFT_APPROACHABLE_CONCURRENCY = YES;
				SWIFT_EMIT_LOC_STRINGS = NO;
				SWIFT_UPCOMING_FEATURE_MEMBER_IMPORT_VISIBILITY = YES;
				SWIFT_VERSION = 5.0;
				TARGETED_DEVICE_FAMILY = "1,2,7";
				TEST_HOST = "$(BUILT_PRODUCTS_DIR)/Boxing Companion.app/$(BUNDLE_EXECUTABLE_FOLDER_PATH)/Boxing Companion";
				XROS_DEPLOYMENT_TARGET = 26.4;
			};
			name = Debug;
		};
		98333D722FA1CD9300AB95C8 /* Release */ = {
			isa = XCBuildConfiguration;
			buildSettings = {
				BUNDLE_LOADER = "$(TEST_HOST)";
				CODE_SIGN_STYLE = Automatic;
				CURRENT_PROJECT_VERSION = 1;
				GENERATE_INFOPLIST_FILE = YES;
				IPHONEOS_DEPLOYMENT_TARGET = 26.4;
				MACOSX_DEPLOYMENT_TARGET = 26.3;
				MARKETING_VERSION = 1.0;
				PRODUCT_BUNDLE_IDENTIFIER = "oracle-boxing.Boxing-CompanionTests";
				PRODUCT_NAME = "$(TARGET_NAME)";
				SDKROOT = auto;
				STRING_CATALOG_GENERATE_SYMBOLS = NO;
				SUPPORTED_PLATFORMS = "iphoneos iphonesimulator macosx xros xrsimulator";
				SWIFT_APPROACHABLE_CONCURRENCY = YES;
				SWIFT_EMIT_LOC_STRINGS = NO;
				SWIFT_UPCOMING_FEATURE_MEMBER_IMPORT_VISIBILITY = YES;
				SWIFT_VERSION = 5.0;
				TARGETED_DEVICE_FAMILY = "1,2,7";
				TEST_HOST = "$(BUILT_PRODUCTS_DIR)/Boxing Companion.app/$(BUNDLE_EXECUTABLE_FOLDER_PATH)/Boxing Companion";
				XROS_DEPLOYMENT_TARGET = 26.4;
			};
			name = Release;
		};
		98333D742FA1CD9300AB95C8 /* Debug */ = {
			isa = XCBuildConfiguration;
			buildSettings = {
				CODE_SIGN_STYLE = Automatic;
				CURRENT_PROJECT_VERSION = 1;
				GENERATE_INFOPLIST_FILE = YES;
				IPHONEOS_DEPLOYMENT_TARGET = 26.4;
				MACOSX_DEPLOYMENT_TARGET = 26.3;
				MARKETING_VERSION = 1.0;
				PRODUCT_BUNDLE_IDENTIFIER = "oracle-boxing.Boxing-CompanionUITests";
				PRODUCT_NAME = "$(TARGET_NAME)";
				SDKROOT = auto;
				STRING_CATALOG_GENERATE_SYMBOLS = NO;
				SUPPORTED_PLATFORMS = "iphoneos iphonesimulator macosx xros xrsimulator";
				SWIFT_APPROACHABLE_CONCURRENCY = YES;
				SWIFT_EMIT_LOC_STRINGS = NO;
				SWIFT_UPCOMING_FEATURE_MEMBER_IMPORT_VISIBILITY = YES;
				SWIFT_VERSION = 5.0;
				TARGETED_DEVICE_FAMILY = "1,2,7";
				TEST_TARGET_NAME = "Boxing Companion";
				XROS_DEPLOYMENT_TARGET = 26.4;
			};
			name = Debug;
		};
		98333D752FA1CD9300AB95C8 /* Release */ = {
			isa = XCBuildConfiguration;
			buildSettings = {
				CODE_SIGN_STYLE = Automatic;
				CURRENT_PROJECT_VERSION = 1;
				GENERATE_INFOPLIST_FILE = YES;
				IPHONEOS_DEPLOYMENT_TARGET = 26.4;
				MACOSX_DEPLOYMENT_TARGET = 26.3;
				MARKETING_VERSION = 1.0;
				PRODUCT_BUNDLE_IDENTIFIER = "oracle-boxing.Boxing-CompanionUITests";
				PRODUCT_NAME = "$(TARGET_NAME)";
				SDKROOT = auto;
				STRING_CATALOG_GENERATE_SYMBOLS = NO;
				SUPPORTED_PLATFORMS = "iphoneos iphonesimulator macosx xros xrsimulator";
				SWIFT_APPROACHABLE_CONCURRENCY = YES;
				SWIFT_EMIT_LOC_STRINGS = NO;
				SWIFT_UPCOMING_FEATURE_MEMBER_IMPORT_VISIBILITY = YES;
				SWIFT_VERSION = 5.0;
				TARGETED_DEVICE_FAMILY = "1,2,7";
				TEST_TARGET_NAME = "Boxing Companion";
				XROS_DEPLOYMENT_TARGET = 26.4;
			};
			name = Release;
		};
/* End XCBuildConfiguration section */

/* Begin XCConfigurationList section */
		98333D452FA1CD8F00AB95C8 /* Build configuration list for PBXProject "Boxing Companion" */ = {
			isa = XCConfigurationList;
			buildConfigurations = (
				98333D6B2FA1CD9300AB95C8 /* Debug */,
				98333D6C2FA1CD9300AB95C8 /* Release */,
			);
			defaultConfigurationIsVisible = 0;
			defaultConfigurationName = Release;
		};
		98333D6D2FA1CD9300AB95C8 /* Build configuration list for PBXNativeTarget "Boxing Companion" */ = {
			isa = XCConfigurationList;
			buildConfigurations = (
				98333D6E2FA1CD9300AB95C8 /* Debug */,
				98333D6F2FA1CD9300AB95C8 /* Release */,
			);
			defaultConfigurationIsVisible = 0;
			defaultConfigurationName = Release;
		};
		98333D702FA1CD9300AB95C8 /* Build configuration list for PBXNativeTarget "Boxing CompanionTests" */ = {
			isa = XCConfigurationList;
			buildConfigurations = (
				98333D712FA1CD9300AB95C8 /* Debug */,
				98333D722FA1CD9300AB95C8 /* Release */,
			);
			defaultConfigurationIsVisible = 0;
			defaultConfigurationName = Release;
		};
		98333D732FA1CD9300AB95C8 /* Build configuration list for PBXNativeTarget "Boxing CompanionUITests" */ = {
			isa = XCConfigurationList;
			buildConfigurations = (
				98333D742FA1CD9300AB95C8 /* Debug */,
				98333D752FA1CD9300AB95C8 /* Release */,
			);
			defaultConfigurationIsVisible = 0;
			defaultConfigurationName = Release;
		};
/* End XCConfigurationList section */
	};
	rootObject = 98333D422FA1CD8F00AB95C8 /* Project object */;
}
